# THIS IS AN AUTOGENERATED FILE. DO NOT EDIT THIS FILE DIRECTLY.
# yarn lockfile v1


"@babel/runtime@^7.15.4":
  "integrity" "sha512-dQpEpK0O9o6lj6oPu0gRDbbnk+4LeHlNcBpspf6Olzt3GIX4P1lWF1gS+pHLDFlaJvbR6q7jCfQ08zA4QJBnmA=="
  "resolved" "https://registry.npmjs.org/@babel/runtime/-/runtime-7.17.8.tgz"
  "version" "7.17.8"
  dependencies:
    "regenerator-runtime" "^0.13.4"

"@doist/todoist-api-typescript@^2.0.0-beta.3":
  "integrity" "sha512-AipWXWyPgrjsiF7x2KcX8QN6Z8ktiZpOH2dKpGhooNswwxn23r5sft4Pv9FCVM1+WDpmCldwUWGZ87KLukN6nw=="
  "resolved" "https://npm.pkg.github.com/download/@doist/todoist-api-typescript/2.0.0-beta.3/2502ece8d7ed5f32df31355422551c1bc01eee38d514c255dccb5b038d0a3d43"
  "version" "2.0.0-beta.3"
  dependencies:
    "axios" "^0.21.1"
    "axios-case-converter" "^0.7.0"
    "axios-retry" "^3.1.9"
    "runtypes" "^5.0.1"
    "ts-custom-error" "^3.2.0"
    "url-join" "^4.0.1"
    "uuid" "^8.3.1"

"@fontsource/fira-mono@^4.5.0":
  "integrity" "sha512-uMeCuPhpLagkOBUkbuWgzRhSWoz7SxtgVJeo9nxuvwVZLahmKQJjkZnNj9OrLWMHbDWZMPI0ApolIJASEFP4eQ=="
  "resolved" "https://registry.npmjs.org/@fontsource/fira-mono/-/fira-mono-4.5.3.tgz"
  "version" "4.5.3"

"@iarna/toml@^2.2.5":
  "integrity" "sha512-trnsAYxU3xnS1gPHPyU961coFyLkh4gAD/0zQ5mymY4yOZ+CYvsPqUbOFSw0aDM4y0tV7tiFxL/1XfXPNC6IPg=="
  "resolved" "https://registry.npmjs.org/@iarna/toml/-/toml-2.2.5.tgz"
  "version" "2.2.5"

"@lukeed/csprng@^1.0.0":
  "integrity" "sha512-uSvJdwQU5nK+Vdf6zxcWAY2A8r7uqe+gePwLWzJ+fsQehq18pc0I2hJKwypZ2aLM90+Er9u1xn4iLJPZ+xlL4g=="
  "resolved" "https://registry.npmjs.org/@lukeed/csprng/-/csprng-1.0.1.tgz"
  "version" "1.0.1"

"@lukeed/uuid@^2.0.0":
  "integrity" "sha512-dUz8OmYvlY5A9wXaroHIMSPASpSYRLCqbPvxGSyHguhtTQIy24lC+EGxQlwv71AhRCO55WOtgwhzQLpw27JaJQ=="
  "resolved" "https://registry.npmjs.org/@lukeed/uuid/-/uuid-2.0.0.tgz"
  "version" "2.0.0"
  dependencies:
    "@lukeed/csprng" "^1.0.0"

"@rollup/pluginutils@^4.1.2":
  "integrity" "sha512-ROn4qvkxP9SyPeHaf7uQC/GPFY6L/OWy9+bd9AwcjOAWQwxRscoEyAUD8qCY5o5iL4jqQwoLk2kaTKJPb/HwzQ=="
  "resolved" "https://registry.npmjs.org/@rollup/pluginutils/-/pluginutils-4.1.2.tgz"
  "version" "4.1.2"
  dependencies:
    "estree-walker" "^2.0.1"
    "picomatch" "^2.2.2"

"@sveltejs/adapter-auto@next":
  "integrity" "sha512-kKKDvv2bwH66l/A97u26973OG3Zh7V1WlTKgkOr95Koo1/Y6rBhBfkz0Jw+WLzsZ+hcTzgIrcegtWVt+GQRJpw=="
  "resolved" "https://registry.npmjs.org/@sveltejs/adapter-auto/-/adapter-auto-1.0.0-next.30.tgz"
  "version" "1.0.0-next.30"
  dependencies:
    "@sveltejs/adapter-cloudflare" "1.0.0-next.14"
    "@sveltejs/adapter-netlify" "1.0.0-next.49"
    "@sveltejs/adapter-vercel" "1.0.0-next.45"

"@sveltejs/adapter-cloudflare@1.0.0-next.14":
  "integrity" "sha512-vD0+LdVIZO5/758KZuWzM58JIAeY+r/YKgoRkMjP9IUx+w+MJ869EyzOT81u/xN7x6cX2Ilu+/M60BwjqSDA7g=="
  "resolved" "https://registry.npmjs.org/@sveltejs/adapter-cloudflare/-/adapter-cloudflare-1.0.0-next.14.tgz"
  "version" "1.0.0-next.14"
  dependencies:
    "esbuild" "^0.14.21"

"@sveltejs/adapter-netlify@1.0.0-next.49":
  "integrity" "sha512-EYP0/eK1foC90fBNn6V9fP0ngrMF3MrkaNN+wCnMj0rHGKOKUzXlIeyPtGtQnDL9cqHac39pbPhSyMaMuWZF/w=="
  "resolved" "https://registry.npmjs.org/@sveltejs/adapter-netlify/-/adapter-netlify-1.0.0-next.49.tgz"
  "version" "1.0.0-next.49"
  dependencies:
    "@iarna/toml" "^2.2.5"
    "esbuild" "^0.14.21"
    "tiny-glob" "^0.2.9"

"@sveltejs/adapter-vercel@1.0.0-next.45":
  "integrity" "sha512-WoOMu4FSWjVeRiPq2NKfdZhobfOLmDykObZmm8JHptMDb0/I5SB+6wstzAeaNtQr2ZbQkUy0k7EX95riJifEEQ=="
  "resolved" "https://registry.npmjs.org/@sveltejs/adapter-vercel/-/adapter-vercel-1.0.0-next.45.tgz"
  "version" "1.0.0-next.45"
  dependencies:
    "esbuild" "^0.14.21"

"@sveltejs/kit@next":
  "integrity" "sha512-6ky4CUFNGKoU1QV+fY2LOIB7atHdUCIMRx3pX21B2g9yZzQzkot0zHBrMMBSKF0/4Wx19PLEWrlGxlhakYmi8Q=="
  "resolved" "https://registry.npmjs.org/@sveltejs/kit/-/kit-1.0.0-next.288.tgz"
  "version" "1.0.0-next.288"
  dependencies:
    "@sveltejs/vite-plugin-svelte" "^1.0.0-next.32"
    "sade" "^1.7.4"
    "vite" "^2.8.0"

"@sveltejs/vite-plugin-svelte@^1.0.0-next.32":
  "integrity" "sha512-epYAVZvfpiDZwB4Whe5AALk3zF5odKFf8Vx4q2tth+QuXmr0GLZ13ri02zINS6pHRCx+GjtOqCEEwMaPAfPcgQ=="
  "resolved" "https://registry.npmjs.org/@sveltejs/vite-plugin-svelte/-/vite-plugin-svelte-1.0.0-next.38.tgz"
  "version" "1.0.0-next.38"
  dependencies:
    "@rollup/pluginutils" "^4.1.2"
    "debug" "^4.3.3"
    "kleur" "^4.1.4"
    "magic-string" "^0.25.7"
    "svelte-hmr" "^0.14.9"

"axios-case-converter@^0.7.0":
  "integrity" "sha512-0TpWsZ6IvxVRYcK99H5zvFWtVYKYTIpJEPPLQzZ4tU61o0zjslyOrZoys9wVzTg8vWXizmRAuSqwIPBjCnMufA=="
  "resolved" "https://registry.npmjs.org/axios-case-converter/-/axios-case-converter-0.7.0.tgz"
  "version" "0.7.0"
  dependencies:
    "camel-case" "^4.1.1"
    "header-case" "^2.0.3"
    "snake-case" "^3.0.3"

"axios-retry@^3.1.9":
  "integrity" "sha512-Co3UXiv4npi6lM963mfnuH90/YFLKWWDmoBYfxkHT5xtkSSWNqK9zdG3fw5/CP/dsoKB5aMMJCsgab+tp1OxLQ=="
  "resolved" "https://registry.npmjs.org/axios-retry/-/axios-retry-3.2.4.tgz"
  "version" "3.2.4"
  dependencies:
    "@babel/runtime" "^7.15.4"
    "is-retry-allowed" "^2.2.0"

"axios@^0.21.1":
  "integrity" "sha512-ut5vewkiu8jjGBdqpM44XxjuCjq9LAKeHVmoVfHVzy8eHgxxq8SbAVQNovDA8mVi05kP0Ea/n/UzcSHcTJQfNg=="
  "resolved" "https://registry.npmjs.org/axios/-/axios-0.21.4.tgz"
  "version" "0.21.4"
  dependencies:
    "follow-redirects" "^1.14.0"

"camel-case@^4.1.1":
  "integrity" "sha512-gxGWBrTT1JuMx6R+o5PTXMmUnhnVzLQ9SNutD4YqKtI6ap897t3tKECYla6gCWEkplXnlNybEkZg9GEGxKFCgw=="
  "resolved" "https://registry.npmjs.org/camel-case/-/camel-case-4.1.2.tgz"
  "version" "4.1.2"
  dependencies:
    "pascal-case" "^3.1.2"
    "tslib" "^2.0.3"

"capital-case@^1.0.4":
  "integrity" "sha512-ds37W8CytHgwnhGGTi88pcPyR15qoNkOpYwmMMfnWqqWgESapLqvDx6huFjQ5vqWSn2Z06173XNA7LtMOeUh1A=="
  "resolved" "https://registry.npmjs.org/capital-case/-/capital-case-1.0.4.tgz"
  "version" "1.0.4"
  dependencies:
    "no-case" "^3.0.4"
    "tslib" "^2.0.3"
    "upper-case-first" "^2.0.2"

"cookie@^0.4.1":
  "integrity" "sha512-aSWTXFzaKWkvHO1Ny/s+ePFpvKsPnjc551iI41v3ny/ow6tBG5Vd+FuqGNhh1LxOmVzOlGUriIlOaokOvhaStA=="
  "resolved" "https://registry.npmjs.org/cookie/-/cookie-0.4.2.tgz"
  "version" "0.4.2"

"debug@^4.3.3":
  "integrity" "sha512-/zxw5+vh1Tfv+4Qn7a5nsbcJKPaSvCDhojn6FEl9vupwK2VCSDtEiEtqr8DFtzYFOdz63LBkxec7DYuc2jon6Q=="
  "resolved" "https://registry.npmjs.org/debug/-/debug-4.3.3.tgz"
  "version" "4.3.3"
  dependencies:
    "ms" "2.1.2"

"dot-case@^3.0.4":
  "integrity" "sha512-Kv5nKlh6yRrdrGvxeJ2e5y2eRUpkUosIW4A2AS38zwSz27zu7ufDwQPi5Jhs3XAlGNetl3bmnGhQsMtkKJnj3w=="
  "resolved" "https://registry.npmjs.org/dot-case/-/dot-case-3.0.4.tgz"
  "version" "3.0.4"
  dependencies:
    "no-case" "^3.0.4"
    "tslib" "^2.0.3"

"esbuild-darwin-arm64@0.14.23":
  "integrity" "sha512-yat73Z/uJ5tRcfRiI4CCTv0FSnwErm3BJQeZAh+1tIP0TUNh6o+mXg338Zl5EKChD+YGp6PN+Dbhs7qa34RxSw=="
  "resolved" "https://registry.npmjs.org/esbuild-darwin-arm64/-/esbuild-darwin-arm64-0.14.23.tgz"
  "version" "0.14.23"

"esbuild@^0.14.14", "esbuild@^0.14.21":
  "integrity" "sha512-XjnIcZ9KB6lfonCa+jRguXyRYcldmkyZ99ieDksqW/C8bnyEX299yA4QH2XcgijCgaddEZePPTgvx/2imsq7Ig=="
  "resolved" "https://registry.npmjs.org/esbuild/-/esbuild-0.14.23.tgz"
  "version" "0.14.23"
  optionalDependencies:
    "esbuild-android-arm64" "0.14.23"
    "esbuild-darwin-64" "0.14.23"
    "esbuild-darwin-arm64" "0.14.23"
    "esbuild-freebsd-64" "0.14.23"
    "esbuild-freebsd-arm64" "0.14.23"
    "esbuild-linux-32" "0.14.23"
    "esbuild-linux-64" "0.14.23"
    "esbuild-linux-arm" "0.14.23"
    "esbuild-linux-arm64" "0.14.23"
    "esbuild-linux-mips64le" "0.14.23"
    "esbuild-linux-ppc64le" "0.14.23"
    "esbuild-linux-riscv64" "0.14.23"
    "esbuild-linux-s390x" "0.14.23"
    "esbuild-netbsd-64" "0.14.23"
    "esbuild-openbsd-64" "0.14.23"
    "esbuild-sunos-64" "0.14.23"
    "esbuild-windows-32" "0.14.23"
    "esbuild-windows-64" "0.14.23"
    "esbuild-windows-arm64" "0.14.23"

"estree-walker@^2.0.1":
  "integrity" "sha512-Rfkk/Mp/DL7JVje3u18FxFujQlTNR2q6QfMSMB7AvCBx91NGj/ba3kCfza0f6dVDbw7YlRf/nDrn7pQrCCyQ/w=="
  "resolved" "https://registry.npmjs.org/estree-walker/-/estree-walker-2.0.2.tgz"
  "version" "2.0.2"

"follow-redirects@^1.14.0":
  "integrity" "sha512-MQDfihBQYMcyy5dhRDJUHcw7lb2Pv/TuE6xP1vyraLukNDHKbDxDNaOE3NbCAdKQApno+GPRyo1YAp89yCjK4w=="
  "resolved" "https://registry.npmjs.org/follow-redirects/-/follow-redirects-1.14.9.tgz"
  "version" "1.14.9"

"fsevents@~2.3.2":
  "integrity" "sha512-xiqMQR4xAeHTuB9uWm+fFRcIOgKBMiOBP+eXiyT7jsgVCq1bkVygt00oASowB7EdtpOHaaPgKt812P9ab+DDKA=="
  "resolved" "https://registry.npmjs.org/fsevents/-/fsevents-2.3.2.tgz"
  "version" "2.3.2"

"function-bind@^1.1.1":
  "integrity" "sha512-yIovAzMX49sF8Yl58fSCWJ5svSLuaibPxXQJFLmBObTuCr0Mf1KiPopGM9NiFjiYBCbfaa2Fh6breQ6ANVTI0A=="
  "resolved" "https://registry.npmjs.org/function-bind/-/function-bind-1.1.1.tgz"
  "version" "1.1.1"

"globalyzer@0.1.0":
  "integrity" "sha512-40oNTM9UfG6aBmuKxk/giHn5nQ8RVz/SS4Ir6zgzOv9/qC3kKZ9v4etGTcJbEl/NyVQH7FGU7d+X1egr57Md2Q=="
  "resolved" "https://registry.npmjs.org/globalyzer/-/globalyzer-0.1.0.tgz"
  "version" "0.1.0"

"globrex@^0.1.2":
  "integrity" "sha512-uHJgbwAMwNFf5mLst7IWLNg14x1CkeqglJb/K3doi4dw6q2IvAAmM/Y81kevy83wP+Sst+nutFTYOGg3d1lsxg=="
  "resolved" "https://registry.npmjs.org/globrex/-/globrex-0.1.2.tgz"
  "version" "0.1.2"

"has@^1.0.3":
  "integrity" "sha512-f2dvO0VU6Oej7RkWJGrehjbzMAjFp5/VKPp5tTpWIV4JHHZK1/BxbFRtf/siA2SWTe09caDmVtYYzWEIbBS4zw=="
  "resolved" "https://registry.npmjs.org/has/-/has-1.0.3.tgz"
  "version" "1.0.3"
  dependencies:
    "function-bind" "^1.1.1"

"header-case@^2.0.3":
  "integrity" "sha512-H/vuk5TEEVZwrR0lp2zed9OCo1uAILMlx0JEMgC26rzyJJ3N1v6XkwHHXJQdR2doSjcGPM6OKPYoJgf0plJ11Q=="
  "resolved" "https://registry.npmjs.org/header-case/-/header-case-2.0.4.tgz"
  "version" "2.0.4"
  dependencies:
    "capital-case" "^1.0.4"
    "tslib" "^2.0.3"

"is-core-module@^2.8.1":
  "integrity" "sha512-SdNCUs284hr40hFTFP6l0IfZ/RSrMXF3qgoRHd3/79unUTvrFO/JoXwkGm+5J/Oe3E/b5GsnG330uUNgRpu1PA=="
  "resolved" "https://registry.npmjs.org/is-core-module/-/is-core-module-2.8.1.tgz"
  "version" "2.8.1"
  dependencies:
    "has" "^1.0.3"

"is-retry-allowed@^2.2.0":
  "integrity" "sha512-XVm7LOeLpTW4jV19QSH38vkswxoLud8sQ57YwJVTPWdiaI9I8keEhGFpBlslyVsgdQy4Opg8QOLb8YRgsyZiQg=="
  "resolved" "https://registry.npmjs.org/is-retry-allowed/-/is-retry-allowed-2.2.0.tgz"
  "version" "2.2.0"

"kleur@^4.1.4":
  "integrity" "sha512-8QADVssbrFjivHWQU7KkMgptGTl6WAcSdlbBPY4uNF+mWr6DGcKrvY2w4FQJoXch7+fKMjj0dRrL75vk3k23OA=="
  "resolved" "https://registry.npmjs.org/kleur/-/kleur-4.1.4.tgz"
  "version" "4.1.4"

"lower-case@^2.0.2":
  "integrity" "sha512-7fm3l3NAF9WfN6W3JOmf5drwpVqX78JtoGJ3A6W0a6ZnldM41w2fV5D490psKFTpMds8TJse/eHLFFsNHHjHgg=="
  "resolved" "https://registry.npmjs.org/lower-case/-/lower-case-2.0.2.tgz"
  "version" "2.0.2"
  dependencies:
    "tslib" "^2.0.3"

"magic-string@^0.25.7":
  "integrity" "sha512-4CrMT5DOHTDk4HYDlzmwu4FVCcIYI8gauveasrdCu2IKIFOJ3f0v/8MDGJCDL9oD2ppz/Av1b0Nj345H9M+XIA=="
  "resolved" "https://registry.npmjs.org/magic-string/-/magic-string-0.25.7.tgz"
  "version" "0.25.7"
  dependencies:
    "sourcemap-codec" "^1.4.4"

"mri@^1.1.0":
  "integrity" "sha512-tzzskb3bG8LvYGFF/mDTpq3jpI6Q9wc3LEmBaghu+DdCssd1FakN7Bc0hVNmEyGq1bq3RgfkCb3cmQLpNPOroA=="
  "resolved" "https://registry.npmjs.org/mri/-/mri-1.2.0.tgz"
  "version" "1.2.0"

"ms@2.1.2":
  "integrity" "sha512-sGkPx+VjMtmA6MX27oA4FBFELFCZZ4S4XqeGOXCv68tT+jb3vk/RyaKWP0PTKyWtmLSM0b+adUTEvbs1PEaH2w=="
  "resolved" "https://registry.npmjs.org/ms/-/ms-2.1.2.tgz"
  "version" "2.1.2"

"nanoid@^3.3.1":
  "integrity" "sha512-n6Vs/3KGyxPQd6uO0eH4Bv0ojGSUvuLlIHtC3Y0kEO23YRge8H9x1GCzLn28YX0H66pMkxuaeESFq4tKISKwdw=="
  "resolved" "https://registry.npmjs.org/nanoid/-/nanoid-3.3.1.tgz"
  "version" "3.3.1"

"no-case@^3.0.4":
  "integrity" "sha512-fgAN3jGAh+RoxUGZHTSOLJIqUc2wmoBwGR4tbpNAKmmovFoWq0OdRkb0VkldReO2a2iBT/OEulG9XSUc10r3zg=="
  "resolved" "https://registry.npmjs.org/no-case/-/no-case-3.0.4.tgz"
  "version" "3.0.4"
  dependencies:
    "lower-case" "^2.0.2"
    "tslib" "^2.0.3"

"pascal-case@^3.1.2":
  "integrity" "sha512-uWlGT3YSnK9x3BQJaOdcZwrnV6hPpd8jFH1/ucpiLRPh/2zCVJKS19E4GvYHvaCcACn3foXZ0cLB9Wrx1KGe5g=="
  "resolved" "https://registry.npmjs.org/pascal-case/-/pascal-case-3.1.2.tgz"
  "version" "3.1.2"
  dependencies:
    "no-case" "^3.0.4"
    "tslib" "^2.0.3"

"path-parse@^1.0.7":
  "integrity" "sha512-LDJzPVEEEPR+y48z93A0Ed0yXb8pAByGWo/k5YYdYgpY2/2EsOsksJrq7lOHxryrVOn1ejG6oAp8ahvOIQD8sw=="
  "resolved" "https://registry.npmjs.org/path-parse/-/path-parse-1.0.7.tgz"
  "version" "1.0.7"

"picocolors@^1.0.0":
  "integrity" "sha512-1fygroTLlHu66zi26VoTDv8yRgm0Fccecssto+MhsZ0D/DGW2sm8E8AjW7NU5VVTRt5GxbeZ5qBuJr+HyLYkjQ=="
  "resolved" "https://registry.npmjs.org/picocolors/-/picocolors-1.0.0.tgz"
  "version" "1.0.0"

"picomatch@^2.2.2":
  "integrity" "sha512-JU3teHTNjmE2VCGFzuY8EXzCDVwEqB2a8fsIvwaStHhAWJEeVd1o1QD80CU6+ZdEXXSLbSsuLwJjkCBWqRQUVA=="
  "resolved" "https://registry.npmjs.org/picomatch/-/picomatch-2.3.1.tgz"
  "version" "2.3.1"

"postcss@^8.4.6":
  "integrity" "sha512-L9Ye3r6hkkCeOETQX6iOaWZgjp3LL6Lpqm6EtgbKrgqGGteRMNb9vzBfRL96YOSu8o7x3MfIH9Mo5cPJFGrW6A=="
  "resolved" "https://registry.npmjs.org/postcss/-/postcss-8.4.7.tgz"
  "version" "8.4.7"
  dependencies:
    "nanoid" "^3.3.1"
    "picocolors" "^1.0.0"
    "source-map-js" "^1.0.2"

"prettier@^2.6.1":
  "integrity" "sha512-8UVbTBYGwN37Bs9LERmxCPjdvPxlEowx2urIL6urHzdb3SDq4B/Z6xLFCblrSnE4iKWcS6ziJ3aOYrc1kz/E2A=="
  "resolved" "https://registry.npmjs.org/prettier/-/prettier-2.6.1.tgz"
  "version" "2.6.1"

"regenerator-runtime@^0.13.4":
  "integrity" "sha512-p3VT+cOEgxFsRRA9X4lkI1E+k2/CtnKtU4gcxyaCUreilL/vqI6CdZ3wxVUx3UOUg+gnUOQQcRI7BmSI656MYA=="
  "resolved" "https://registry.npmjs.org/regenerator-runtime/-/regenerator-runtime-0.13.9.tgz"
  "version" "0.13.9"

"resolve@^1.22.0":
  "integrity" "sha512-Hhtrw0nLeSrFQ7phPp4OOcVjLPIeMnRlr5mcnVuMe7M/7eBn98A3hmFRLoFo3DLZkivSYwhRUJTyPyWAk56WLw=="
  "resolved" "https://registry.npmjs.org/resolve/-/resolve-1.22.0.tgz"
  "version" "1.22.0"
  dependencies:
    "is-core-module" "^2.8.1"
    "path-parse" "^1.0.7"
    "supports-preserve-symlinks-flag" "^1.0.0"

"rollup@^2.59.0":
  "integrity" "sha512-XrMKOYK7oQcTio4wyTz466mucnd8LzkiZLozZ4Rz0zQD+HeX4nUK4B8GrTX/2EvN2/vBF/i2WnaXboPxo0JylA=="
  "resolved" "https://registry.npmjs.org/rollup/-/rollup-2.68.0.tgz"
  "version" "2.68.0"
  optionalDependencies:
    "fsevents" "~2.3.2"

"runtypes@^5.0.1":
  "integrity" "sha512-OMHkz6dxysXj4E8Fj/HCGjtdJUhapQUN7puvqzuzvjaX28pd52PZmEMqQlkIzCfKdhXdM0ghx8PpvELprEnOLQ=="
  "resolved" "https://registry.npmjs.org/runtypes/-/runtypes-5.1.0.tgz"
  "version" "5.1.0"

"sade@^1.7.4":
  "integrity" "sha512-xal3CZX1Xlo/k4ApwCFrHVACi9fBqJ7V+mwhBsuf/1IOKbBy098Fex+Wa/5QMubw09pSZ/u8EY8PWgevJsXp1A=="
  "resolved" "https://registry.npmjs.org/sade/-/sade-1.8.1.tgz"
  "version" "1.8.1"
  dependencies:
    "mri" "^1.1.0"

"snake-case@^3.0.3":
  "integrity" "sha512-LAOh4z89bGQvl9pFfNF8V146i7o7/CqFPbqzYgP+yYzDIDeS9HaNFtXABamRW+AQzEVODcvE79ljJ+8a9YSdMg=="
  "resolved" "https://registry.npmjs.org/snake-case/-/snake-case-3.0.4.tgz"
  "version" "3.0.4"
  dependencies:
    "dot-case" "^3.0.4"
    "tslib" "^2.0.3"

"source-map-js@^1.0.2":
  "integrity" "sha512-R0XvVJ9WusLiqTCEiGCmICCMplcCkIwwR11mOSD9CR5u+IXYdiseeEuXCVAjS54zqwkLcPNnmU4OeJ6tUrWhDw=="
  "resolved" "https://registry.npmjs.org/source-map-js/-/source-map-js-1.0.2.tgz"
  "version" "1.0.2"

"sourcemap-codec@^1.4.4":
  "integrity" "sha512-9NykojV5Uih4lgo5So5dtw+f0JgJX30KCNI8gwhz2J9A15wD0Ml6tjHKwf6fTSa6fAdVBdZeNOs9eJ71qCk8vA=="
  "resolved" "https://registry.npmjs.org/sourcemap-codec/-/sourcemap-codec-1.4.8.tgz"
  "version" "1.4.8"

"supports-preserve-symlinks-flag@^1.0.0":
  "integrity" "sha512-ot0WnXS9fgdkgIcePe6RHNk1WA8+muPa6cSjeR3V8K27q9BB1rTE3R1p7Hv0z1ZyAc8s6Vvv8DIyWf681MAt0w=="
  "resolved" "https://registry.npmjs.org/supports-preserve-symlinks-flag/-/supports-preserve-symlinks-flag-1.0.0.tgz"
  "version" "1.0.0"

"svelte-dnd-action@^0.9.18":
  "integrity" "sha512-b2R8dxlA5az1eBwmptzR/9qzAyhBHPpMwLDfhgNgD5pwEGuhMQnyDUN3dyh8pQmyPz0IL3k0Seaa7X9hC+hpIw=="
  "resolved" "https://registry.npmjs.org/svelte-dnd-action/-/svelte-dnd-action-0.9.18.tgz"
  "version" "0.9.18"

"svelte-hmr@^0.14.9":
  "integrity" "sha512-bKE9+4qb4sAnA+TKHiYurUl970rjA0XmlP9TEP7K/ncyWz3m81kA4HOgmlZK/7irGK7gzZlaPDI3cmf8fp/+tg=="
  "resolved" "https://registry.npmjs.org/svelte-hmr/-/svelte-hmr-0.14.9.tgz"
  "version" "0.14.9"

"svelte@^3.44.0", "svelte@^3.46.0", "svelte@>=3.19.0":
  "integrity" "sha512-qKJzw6DpA33CIa+C/rGp4AUdSfii0DOTCzj/2YpSKKayw5WGSS624Et9L1nU1k2OVRS9vaENQXp2CVZNU+xvIg=="
  "resolved" "https://registry.npmjs.org/svelte/-/svelte-3.46.4.tgz"
  "version" "3.46.4"

"tiny-glob@^0.2.9":
  "integrity" "sha512-g/55ssRPUjShh+xkfx9UPDXqhckHEsHr4Vd9zX55oSdGZc/MD0m3sferOkwWtp98bv+kcVfEHtRJgBVJzelrzg=="
  "resolved" "https://registry.npmjs.org/tiny-glob/-/tiny-glob-0.2.9.tgz"
  "version" "0.2.9"
  dependencies:
    "globalyzer" "0.1.0"
    "globrex" "^0.1.2"

"ts-custom-error@^3.2.0":
  "integrity" "sha512-cBvC2QjtvJ9JfWLvstVnI45Y46Y5dMxIaG1TDMGAD/R87hpvqFL+7LhvUDhnRCfOnx/xitollFWWvUKKKhbN0A=="
  "resolved" "https://registry.npmjs.org/ts-custom-error/-/ts-custom-error-3.2.0.tgz"
  "version" "3.2.0"

"tslib@^2.0.3":
  "integrity" "sha512-77EbyPPpMz+FRFRuAFlWMtmgUWGe9UOG2Z25NqCwiIjRhOf5iKGuzSe5P2w1laq+FkRy4p+PCuVkJSGkzTEKVw=="
  "resolved" "https://registry.npmjs.org/tslib/-/tslib-2.3.1.tgz"
  "version" "2.3.1"

"upper-case-first@^2.0.2":
  "integrity" "sha512-514ppYHBaKwfJRK/pNC6c/OxfGa0obSnAl106u97Ed0I625Nin96KAjttZF6ZL3e1XLtphxnqrOi9iWgm+u+bg=="
  "resolved" "https://registry.npmjs.org/upper-case-first/-/upper-case-first-2.0.2.tgz"
  "version" "2.0.2"
  dependencies:
    "tslib" "^2.0.3"

"url-join@^4.0.1":
  "integrity" "sha512-jk1+QP6ZJqyOiuEI9AEWQfju/nB2Pw466kbA0LEZljHwKeMgd9WrAEgEGxjPDD2+TNbbb37rTyhEfrCXfuKXnA=="
  "resolved" "https://registry.npmjs.org/url-join/-/url-join-4.0.1.tgz"
  "version" "4.0.1"

"uuid@^8.3.1":
  "integrity" "sha512-+NYs2QeMWy+GWFOEm9xnn6HCDp0l7QBD7ml8zLUmJ+93Q5NF0NocErnwkTkXVFNiX3/fpC6afS8Dhb/gz7R7eg=="
  "resolved" "https://registry.npmjs.org/uuid/-/uuid-8.3.2.tgz"
  "version" "8.3.2"

"vite@^2.7.0", "vite@^2.8.0":
  "integrity" "sha512-C/7EGNa1ugWejol6nOcd/0d8PR70Nzd+XXwsPbnNOfzZw0NN2xyXfmw/GNDHgr5fcaTSO4gjxCJCrwNhQUMhmA=="
  "resolved" "https://registry.npmjs.org/vite/-/vite-2.8.5.tgz"
  "version" "2.8.5"
  dependencies:
    "esbuild" "^0.14.14"
    "postcss" "^8.4.6"
    "resolve" "^1.22.0"
    "rollup" "^2.59.0"
  optionalDependencies:
    "fsevents" "~2.3.2"
